
Microsoft Visual Studio Solution File, Format Version 12.00
# Visual Studio Version 17
VisualStudioVersion = 17.9.34607.119
MinimumVisualStudioVersion = 10.0.40219.1
Project("{54A90642-561A-4BB1-A94E-469ADEE60C69}") = "maze.client", "maze.client\maze.client.esproj", "{2BFB6FC5-BE89-4FFE-A4DE-957F88FB1254}"
EndProject
Project("{2150E333-8FDC-42A3-9474-1A3956D46DE8}") = "Solution Items", "Solution Items", "{69D7D870-89BC-44B5-A69D-2681D3485DCD}"
	ProjectSection(SolutionItems) = preProject
		README.md = README.md
	EndProjectSection
EndProject
Project("{54A90642-561A-4BB1-A94E-469ADEE60C69}") = "maze.phaser", "maze.phaser\maze.phaser.esproj", "{FEA9FED9-611E-47C9-B854-9F2665F75C98}"
EndProject
Global
	GlobalSection(SolutionConfigurationPlatforms) = preSolution
		Debug|Any CPU = Debug|Any CPU
		Release|Any CPU = Release|Any CPU
	EndGlobalSection
	GlobalSection(ProjectConfigurationPlatforms) = postSolution
		{2BFB6FC5-BE89-4FFE-A4DE-957F88FB1254}.Debug|Any CPU.ActiveCfg = Debug|Any CPU
		{2BFB6FC5-BE89-4FFE-A4DE-957F88FB1254}.Debug|Any CPU.Build.0 = Debug|Any CPU
		{2BFB6FC5-BE89-4FFE-A4DE-957F88FB1254}.Debug|Any CPU.Deploy.0 = Debug|Any CPU
		{2BFB6FC5-BE89-4FFE-A4DE-957F88FB1254}.Release|Any CPU.ActiveCfg = Release|Any CPU
		{2BFB6FC5-BE89-4FFE-A4DE-957F88FB1254}.Release|Any CPU.Build.0 = Release|Any CPU
		{2BFB6FC5-BE89-4FFE-A4DE-957F88FB1254}.Release|Any CPU.Deploy.0 = Release|Any CPU
		{FEA9FED9-611E-47C9-B854-9F2665F75C98}.Debug|Any CPU.ActiveCfg = Debug|Any CPU
		{FEA9FED9-611E-47C9-B854-9F2665F75C98}.Debug|Any CPU.Build.0 = Debug|Any CPU
		{FEA9FED9-611E-47C9-B854-9F2665F75C98}.Debug|Any CPU.Deploy.0 = Debug|Any CPU
		{FEA9FED9-611E-47C9-B854-9F2665F75C98}.Release|Any CPU.ActiveCfg = Release|Any CPU
		{FEA9FED9-611E-47C9-B854-9F2665F75C98}.Release|Any CPU.Build.0 = Release|Any CPU
		{FEA9FED9-611E-47C9-B854-9F2665F75C98}.Release|Any CPU.Deploy.0 = Release|Any CPU
	EndGlobalSection
	GlobalSection(SolutionProperties) = preSolution
		HideSolutionNode = FALSE
	EndGlobalSection
	GlobalSection(ExtensibilityGlobals) = postSolution
		SolutionGuid = {0C7F3B0F-3316-4B49-9B19-349BB0CAFC2D}
	EndGlobalSection
EndGlobal
